
Microsoft Visual Studio Solution File, Format Version 12.00
# Visual Studio Version 16
VisualStudioVersion = 16.0.810.17
MinimumVisualStudioVersion = 10.0.40219.1
Project("{FAE04EC0-301F-11D3-BF4B-00C04F79EFBC}") = "OfficeApp", "OfficeApp\OfficeApp.csproj", "{F4ABCD6D-3633-47B0-BA0F-34020BCEF6A1}"
EndProject
Global
	GlobalSection(SolutionConfigurationPlatforms) = preSolution
		Debug|Any CPU = Debug|Any CPU
		Release|Any CPU = Release|Any CPU
	EndGlobalSection
	GlobalSection(ProjectConfigurationPlatforms) = postSolution
		{F4ABCD6D-3633-47B0-BA0F-34020BCEF6A1}.Debug|Any CPU.ActiveCfg = Debug|Any CPU
		{F4ABCD6D-3633-47B0-BA0F-34020BCEF6A1}.Debug|Any CPU.Build.0 = Debug|Any CPU
		{F4ABCD6D-3633-47B0-BA0F-34020BCEF6A1}.Release|Any CPU.ActiveCfg = Release|Any CPU
		{F4ABCD6D-3633-47B0-BA0F-34020BCEF6A1}.Release|Any CPU.Build.0 = Release|Any CPU
	EndGlobalSection
	GlobalSection(SolutionProperties) = preSolution
		HideSolutionNode = FALSE
	EndGlobalSection
	GlobalSection(ExtensibilityGlobals) = postSolution
		SolutionGuid = {152A15F2-2F1D-49AA-900E-B248D43282B3}
	EndGlobalSection
EndGlobal
